PODS:
  - Capacitor (4.6.2):
    - CapacitorCordova
  - CapacitorCordova (4.6.2)
  - SSZipArchive (2.4.3)

DEPENDENCIES:
  - "Capacitor (from `../node_modules/@capacitor/ios`)"
  - "CapacitorCordova (from `../node_modules/@capacitor/ios`)"
  - SSZipArchive

SPEC REPOS:
  trunk:
    - SSZipArchive

EXTERNAL SOURCES:
  Capacitor:
    :path: "../node_modules/@capacitor/ios"
  CapacitorCordova:
    :path: "../node_modules/@capacitor/ios"

SPEC CHECKSUMS:
  Capacitor: a83814f7b8678d3fbb8989324f51b442eafdb6f7
  CapacitorCordova: 855dd572d01508c8992d5470e0dfe33ebb169c4d
  SSZipArchive: fe6a26b2a54d5a0890f2567b5cc6de5caa600aef

PODFILE CHECKSUM: 201a566997c026ece3c96ea9a934f957d746b88f

COCOAPODS: 1.11.3
